
Microsoft Visual Studio Solution File, Format Version 12.00
# Visual Studio Version 17
VisualStudioVersion = 17.10.34916.146
MinimumVisualStudioVersion = 10.0.40219.1
Project("{FAE04EC0-301F-11D3-BF4B-00C04F79EFBC}") = "zadanie_2_kalkulator", "zadanie_2_kalkulator\zadanie_2_kalkulator.csproj", "{83F2FB24-4030-4F13-8429-36BD7043619C}"
EndProject
Global
	GlobalSection(SolutionConfigurationPlatforms) = preSolution
		Debug|Any CPU = Debug|Any CPU
		Release|Any CPU = Release|Any CPU
	EndGlobalSection
	GlobalSection(ProjectConfigurationPlatforms) = postSolution
		{83F2FB24-4030-4F13-8429-36BD7043619C}.Debug|Any CPU.ActiveCfg = Debug|Any CPU
		{83F2FB24-4030-4F13-8429-36BD7043619C}.Debug|Any CPU.Build.0 = Debug|Any CPU
		{83F2FB24-4030-4F13-8429-36BD7043619C}.Release|Any CPU.ActiveCfg = Release|Any CPU
		{83F2FB24-4030-4F13-8429-36BD7043619C}.Release|Any CPU.Build.0 = Release|Any CPU
	EndGlobalSection
	GlobalSection(SolutionProperties) = preSolution
		HideSolutionNode = FALSE
	EndGlobalSection
	GlobalSection(ExtensibilityGlobals) = postSolution
		SolutionGuid = {262C1727-7F2F-46AA-85EF-260D345DF838}
	EndGlobalSection
EndGlobal
